
Microsoft Visual Studio Solution File, Format Version 12.00
# Visual Studio Version 17
VisualStudioVersion = 17.2.32516.85
MinimumVisualStudioVersion = 10.0.40219.1
Project("{FAE04EC0-301F-11D3-BF4B-00C04F79EFBC}") = "WebAp_MVC_EF_L48_52323", "WebAp_MVC_EF_L48_52323\WebAp_MVC_EF_L48_52323.csproj", "{C5394C36-2F24-4EAB-B447-8117455A7495}"
EndProject
Global
	GlobalSection(SolutionConfigurationPlatforms) = preSolution
		Debug|Any CPU = Debug|Any CPU
		Release|Any CPU = Release|Any CPU
	EndGlobalSection
	GlobalSection(ProjectConfigurationPlatforms) = postSolution
		{C5394C36-2F24-4EAB-B447-8117455A7495}.Debug|Any CPU.ActiveCfg = Debug|Any CPU
		{C5394C36-2F24-4EAB-B447-8117455A7495}.Debug|Any CPU.Build.0 = Debug|Any CPU
		{C5394C36-2F24-4EAB-B447-8117455A7495}.Release|Any CPU.ActiveCfg = Release|Any CPU
		{C5394C36-2F24-4EAB-B447-8117455A7495}.Release|Any CPU.Build.0 = Release|Any CPU
	EndGlobalSection
	GlobalSection(SolutionProperties) = preSolution
		HideSolutionNode = FALSE
	EndGlobalSection
	GlobalSection(ExtensibilityGlobals) = postSolution
		SolutionGuid = {4D3B27C2-9320-45D0-9708-ED25739CAD19}
	EndGlobalSection
EndGlobal
